
Microsoft Visual Studio Solution File, Format Version 12.00
# Visual Studio 15
VisualStudioVersion = 15.0.26124.0
MinimumVisualStudioVersion = 15.0.26124.0
Project("{2150E333-8FDC-42A3-9474-1A3956D46DE8}") = "src", "src", "{2FEFA7B7-A13A-4443-A19E-0BC8E7400C02}"
EndProject
Project("{F2A71F9B-5D33-465A-A702-920D77279786}") = "TerminalTetris", "src\TerminalTetris\TerminalTetris.fsproj", "{868FB26C-8B63-47E0-AB8C-D7F9F844C798}"
EndProject
Project("{2150E333-8FDC-42A3-9474-1A3956D46DE8}") = "test", "test", "{2F56A47C-98AB-49C9-AC9D-272CC3EBA6CC}"
EndProject
Project("{F2A71F9B-5D33-465A-A702-920D77279786}") = "TerminalTetris.UnitTests", "test\TerminalTetris.UnitTests\TerminalTetris.UnitTests.fsproj", "{E758691D-DD56-405A-B31B-0D3F50A152F9}"
EndProject
Global
	GlobalSection(SolutionConfigurationPlatforms) = preSolution
		Debug|Any CPU = Debug|Any CPU
		Debug|x64 = Debug|x64
		Debug|x86 = Debug|x86
		Release|Any CPU = Release|Any CPU
		Release|x64 = Release|x64
		Release|x86 = Release|x86
	EndGlobalSection
	GlobalSection(SolutionProperties) = preSolution
		HideSolutionNode = FALSE
	EndGlobalSection
	GlobalSection(ProjectConfigurationPlatforms) = postSolution
		{868FB26C-8B63-47E0-AB8C-D7F9F844C798}.Debug|Any CPU.ActiveCfg = Debug|Any CPU
		{868FB26C-8B63-47E0-AB8C-D7F9F844C798}.Debug|Any CPU.Build.0 = Debug|Any CPU
		{868FB26C-8B63-47E0-AB8C-D7F9F844C798}.Debug|x64.ActiveCfg = Debug|Any CPU
		{868FB26C-8B63-47E0-AB8C-D7F9F844C798}.Debug|x64.Build.0 = Debug|Any CPU
		{868FB26C-8B63-47E0-AB8C-D7F9F844C798}.Debug|x86.ActiveCfg = Debug|Any CPU
		{868FB26C-8B63-47E0-AB8C-D7F9F844C798}.Debug|x86.Build.0 = Debug|Any CPU
		{868FB26C-8B63-47E0-AB8C-D7F9F844C798}.Release|Any CPU.ActiveCfg = Release|Any CPU
		{868FB26C-8B63-47E0-AB8C-D7F9F844C798}.Release|Any CPU.Build.0 = Release|Any CPU
		{868FB26C-8B63-47E0-AB8C-D7F9F844C798}.Release|x64.ActiveCfg = Release|Any CPU
		{868FB26C-8B63-47E0-AB8C-D7F9F844C798}.Release|x64.Build.0 = Release|Any CPU
		{868FB26C-8B63-47E0-AB8C-D7F9F844C798}.Release|x86.ActiveCfg = Release|Any CPU
		{868FB26C-8B63-47E0-AB8C-D7F9F844C798}.Release|x86.Build.0 = Release|Any CPU
		{E758691D-DD56-405A-B31B-0D3F50A152F9}.Debug|Any CPU.ActiveCfg = Debug|Any CPU
		{E758691D-DD56-405A-B31B-0D3F50A152F9}.Debug|Any CPU.Build.0 = Debug|Any CPU
		{E758691D-DD56-405A-B31B-0D3F50A152F9}.Debug|x64.ActiveCfg = Debug|Any CPU
		{E758691D-DD56-405A-B31B-0D3F50A152F9}.Debug|x64.Build.0 = Debug|Any CPU
		{E758691D-DD56-405A-B31B-0D3F50A152F9}.Debug|x86.ActiveCfg = Debug|Any CPU
		{E758691D-DD56-405A-B31B-0D3F50A152F9}.Debug|x86.Build.0 = Debug|Any CPU
		{E758691D-DD56-405A-B31B-0D3F50A152F9}.Release|Any CPU.ActiveCfg = Release|Any CPU
		{E758691D-DD56-405A-B31B-0D3F50A152F9}.Release|Any CPU.Build.0 = Release|Any CPU
		{E758691D-DD56-405A-B31B-0D3F50A152F9}.Release|x64.ActiveCfg = Release|Any CPU
		{E758691D-DD56-405A-B31B-0D3F50A152F9}.Release|x64.Build.0 = Release|Any CPU
		{E758691D-DD56-405A-B31B-0D3F50A152F9}.Release|x86.ActiveCfg = Release|Any CPU
		{E758691D-DD56-405A-B31B-0D3F50A152F9}.Release|x86.Build.0 = Release|Any CPU
	EndGlobalSection
	GlobalSection(NestedProjects) = preSolution
		{868FB26C-8B63-47E0-AB8C-D7F9F844C798} = {2FEFA7B7-A13A-4443-A19E-0BC8E7400C02}
		{E758691D-DD56-405A-B31B-0D3F50A152F9} = {2F56A47C-98AB-49C9-AC9D-272CC3EBA6CC}
	EndGlobalSection
EndGlobal
